// !$*UTF8*$!
{
	archiveVersion = 1;
	classes = {
	};
	objectVersion = 51;
	objects = {

/* Begin PBXBuildFile section */
		470D5506231BDFAB00B1FC27 /* AppDelegate.swift in Sources */ = {isa = PBXBuildFile; fileRef = 470D5505231BDFAB00B1FC27 /* AppDelegate.swift */; };
		470D5508231BDFAB00B1FC27 /* LoginViewController.swift in Sources */ = {isa = PBXBuildFile; fileRef = 470D5507231BDFAB00B1FC27 /* LoginViewController.swift */; };
		470D550B231BDFAB00B1FC27 /* Main.storyboard in Resources */ = {isa = PBXBuildFile; fileRef = 470D5509231BDFAB00B1FC27 /* Main.storyboard */; };
		470D550D231BDFAC00B1FC27 /* Assets.xcassets in Resources */ = {isa = PBXBuildFile; fileRef = 470D550C231BDFAC00B1FC27 /* Assets.xcassets */; };
		470D5510231BDFAC00B1FC27 /* LaunchScreen.storyboard in Resources */ = {isa = PBXBuildFile; fileRef = 470D550E231BDFAC00B1FC27 /* LaunchScreen.storyboard */; };
		471C07D9233FA98700995C45 /* AddTrashImageCell.swift in Sources */ = {isa = PBXBuildFile; fileRef = 471C07D8233FA98700995C45 /* AddTrashImageCell.swift */; };
		471C07DB2340CFCE00995C45 /* CompanyListDetailsViewController.swift in Sources */ = {isa = PBXBuildFile; fileRef = 471C07DA2340CFCE00995C45 /* CompanyListDetailsViewController.swift */; };
		47361CF6234229720014E8EF /* NewsfeedTableViewCell.swift in Sources */ = {isa = PBXBuildFile; fileRef = 47361CF5234229720014E8EF /* NewsfeedTableViewCell.swift */; };
		47361D1A2343AD930014E8EF /* TrashImageCollectionViewCell.swift in Sources */ = {isa = PBXBuildFile; fileRef = 47361D192343AD930014E8EF /* TrashImageCollectionViewCell.swift */; };
		47361D1B2343B7110014E8EF /* AddEcoTrashTableViewController.swift in Sources */ = {isa = PBXBuildFile; fileRef = 47C0F72823364A3600DEB8C2 /* AddEcoTrashTableViewController.swift */; };
		47C0F72D233668CD00DEB8C2 /* ReuseTrashTypeList.swift in Sources */ = {isa = PBXBuildFile; fileRef = 47C0F72C233668CD00DEB8C2 /* ReuseTrashTypeList.swift */; };
		47C323CB2320184D00A62F4A /* Trash.swift in Sources */ = {isa = PBXBuildFile; fileRef = 47C323CA2320184D00A62F4A /* Trash.swift */; };
		47E0CD812344A93A0087185B /* RegistrationView.swift in Sources */ = {isa = PBXBuildFile; fileRef = 47E0CD802344A93A0087185B /* RegistrationView.swift */; };
		47E0CD832344A9480087185B /* RegistrationView.xib in Resources */ = {isa = PBXBuildFile; fileRef = 47E0CD822344A9480087185B /* RegistrationView.xib */; };
		47E0CD852344ACAB0087185B /* RegistrationViewController.swift in Sources */ = {isa = PBXBuildFile; fileRef = 47E0CD842344ACAB0087185B /* RegistrationViewController.swift */; };
		47E0CD912345E28F0087185B /* Event.swift in Sources */ = {isa = PBXBuildFile; fileRef = 47E0CD902345E28F0087185B /* Event.swift */; };
		47E0CD9323460A690087185B /* EventListDetailsViewController.swift in Sources */ = {isa = PBXBuildFile; fileRef = 47E0CD9223460A690087185B /* EventListDetailsViewController.swift */; };
		47E0CD95234725BE0087185B /* EventListTableViewCell.swift in Sources */ = {isa = PBXBuildFile; fileRef = 47E0CD94234725BE0087185B /* EventListTableViewCell.swift */; };
		47E0CD972347493A0087185B /* NewsfeedDetailsViewController.swift in Sources */ = {isa = PBXBuildFile; fileRef = 47E0CD962347493A0087185B /* NewsfeedDetailsViewController.swift */; };
		47E0CD9923474C4D0087185B /* DetailsLabelView.swift in Sources */ = {isa = PBXBuildFile; fileRef = 47E0CD9823474C4D0087185B /* DetailsLabelView.swift */; };
		47E0CD9B23474C760087185B /* DetailsLabelView.xib in Resources */ = {isa = PBXBuildFile; fileRef = 47E0CD9A23474C760087185B /* DetailsLabelView.xib */; };
		47E0CD9D234770120087185B /* NewsfeedDetailsImageCell.swift in Sources */ = {isa = PBXBuildFile; fileRef = 47E0CD9C234770120087185B /* NewsfeedDetailsImageCell.swift */; };
		47F7C3F32323A07F00135485 /* CustomTabBarController.swift in Sources */ = {isa = PBXBuildFile; fileRef = 47F7C3F22323A07F00135485 /* CustomTabBarController.swift */; };
		47F7C3F92323E53300135485 /* CompanyListTableViewCell.swift in Sources */ = {isa = PBXBuildFile; fileRef = 47F7C3F82323E53300135485 /* CompanyListTableViewCell.swift */; };
		47F7C3FB2323E69200135485 /* CompanyShortList.swift in Sources */ = {isa = PBXBuildFile; fileRef = 47F7C3FA2323E69200135485 /* CompanyShortList.swift */; };
		49783894EC1DC9EE8B05E0DE /* Pods_EcoTrash.framework in Frameworks */ = {isa = PBXBuildFile; fileRef = 62C19BD43F6E870F3BFBB8E5 /* Pods_EcoTrash.framework */; };
		8419C31223300EEA00AE2CCB /* GoogleService-Info.plist in Resources */ = {isa = PBXBuildFile; fileRef = 8419C31123300EEA00AE2CCB /* GoogleService-Info.plist */; };
		841A627D231ED6B200DA56C2 /* User.swift in Sources */ = {isa = PBXBuildFile; fileRef = 841A627C231ED6B200DA56C2 /* User.swift */; };
		841B3099234851F1001A825F /* LocationsMapViewController.swift in Sources */ = {isa = PBXBuildFile; fileRef = 841B3098234851F1001A825F /* LocationsMapViewController.swift */; };
		841B8001234090780074BE9B /* TrashViewModel.swift in Sources */ = {isa = PBXBuildFile; fileRef = 841B8000234090780074BE9B /* TrashViewModel.swift */; };
		841B80032340DA7C0074BE9B /* CompanyViewModel.swift in Sources */ = {isa = PBXBuildFile; fileRef = 841B80022340DA7C0074BE9B /* CompanyViewModel.swift */; };
		841B80052341DC7B0074BE9B /* Company.swift in Sources */ = {isa = PBXBuildFile; fileRef = 841B80042341DC7B0074BE9B /* Company.swift */; };
		841C7B89234749D4001976E9 /* ShowMapCell.swift in Sources */ = {isa = PBXBuildFile; fileRef = 841C7B88234749D4001976E9 /* ShowMapCell.swift */; };
		841C7B8E23475112001976E9 /* LocationMapView.swift in Sources */ = {isa = PBXBuildFile; fileRef = 841C7B8D23475112001976E9 /* LocationMapView.swift */; };
		841C7B9023477A8B001976E9 /* LocationMapView.xib in Resources */ = {isa = PBXBuildFile; fileRef = 841C7B8F23477A8B001976E9 /* LocationMapView.xib */; };
		841CA7352346746000346203 /* NewsfeedTableViewController.swift in Sources */ = {isa = PBXBuildFile; fileRef = 841CA7342346746000346203 /* NewsfeedTableViewController.swift */; };
		841EAB6E232FBB6F00D20294 /* RegisterViewControllerKyboard.swift in Sources */ = {isa = PBXBuildFile; fileRef = 841EAB6D232FBB6F00D20294 /* RegisterViewControllerKyboard.swift */; };
		841EB4522324DC0800495B87 /* MapViewController.swift in Sources */ = {isa = PBXBuildFile; fileRef = 841EB4512324DC0800495B87 /* MapViewController.swift */; };
		841EB4772327978D00495B87 /* UserViewModel.swift in Sources */ = {isa = PBXBuildFile; fileRef = 841EB4762327978D00495B87 /* UserViewModel.swift */; };
		84858A392322C6310010D8C8 /* CompanyListController.swift in Sources */ = {isa = PBXBuildFile; fileRef = 84858A382322C6310010D8C8 /* CompanyListController.swift */; };
		84858A3B2322C67E0010D8C8 /* EventListController.swift in Sources */ = {isa = PBXBuildFile; fileRef = 84858A3A2322C67E0010D8C8 /* EventListController.swift */; };
		84D08F16231C2AFC00402CE4 /* RegisterViewController.swift in Sources */ = {isa = PBXBuildFile; fileRef = 84D08F15231C2AFC00402CE4 /* RegisterViewController.swift */; };
/* End PBXBuildFile section */

/* Begin PBXFileReference section */
		470D5502231BDFAB00B1FC27 /* EcoTrash.app */ = {isa = PBXFileReference; explicitFileType = wrapper.application; includeInIndex = 0; path = EcoTrash.app; sourceTree = BUILT_PRODUCTS_DIR; };
		470D5505231BDFAB00B1FC27 /* AppDelegate.swift */ = {isa = PBXFileReference; lastKnownFileType = sourcecode.swift; path = AppDelegate.swift; sourceTree = "<group>"; };
		470D5507231BDFAB00B1FC27 /* LoginViewController.swift */ = {isa = PBXFileReference; lastKnownFileType = sourcecode.swift; path = LoginViewController.swift; sourceTree = "<group>"; };
		470D550A231BDFAB00B1FC27 /* Base */ = {isa = PBXFileReference; lastKnownFileType = file.storyboard; name = Base; path = Base.lproj/Main.storyboard; sourceTree = "<group>"; };
		470D550C231BDFAC00B1FC27 /* Assets.xcassets */ = {isa = PBXFileReference; lastKnownFileType = folder.assetcatalog; path = Assets.xcassets; sourceTree = "<group>"; };
		470D550F231BDFAC00B1FC27 /* Base */ = {isa = PBXFileReference; lastKnownFileType = file.storyboard; name = Base; path = Base.lproj/LaunchScreen.storyboard; sourceTree = "<group>"; };
		470D5511231BDFAC00B1FC27 /* Info.plist */ = {isa = PBXFileReference; lastKnownFileType = text.plist.xml; path = Info.plist; sourceTree = "<group>"; };
		471C07D8233FA98700995C45 /* AddTrashImageCell.swift */ = {isa = PBXFileReference; lastKnownFileType = sourcecode.swift; path = AddTrashImageCell.swift; sourceTree = "<group>"; };
		471C07DA2340CFCE00995C45 /* CompanyListDetailsViewController.swift */ = {isa = PBXFileReference; lastKnownFileType = sourcecode.swift; path = CompanyListDetailsViewController.swift; sourceTree = "<group>"; };
		47361CF5234229720014E8EF /* NewsfeedTableViewCell.swift */ = {isa = PBXFileReference; lastKnownFileType = sourcecode.swift; path = NewsfeedTableViewCell.swift; sourceTree = "<group>"; };
		47361D192343AD930014E8EF /* TrashImageCollectionViewCell.swift */ = {isa = PBXFileReference; lastKnownFileType = sourcecode.swift; path = TrashImageCollectionViewCell.swift; sourceTree = "<group>"; };
		47C0F72823364A3600DEB8C2 /* AddEcoTrashTableViewController.swift */ = {isa = PBXFileReference; lastKnownFileType = sourcecode.swift; path = AddEcoTrashTableViewController.swift; sourceTree = "<group>"; };
		47C0F72C233668CD00DEB8C2 /* ReuseTrashTypeList.swift */ = {isa = PBXFileReference; lastKnownFileType = sourcecode.swift; path = ReuseTrashTypeList.swift; sourceTree = "<group>"; };
		47C323CA2320184D00A62F4A /* Trash.swift */ = {isa = PBXFileReference; lastKnownFileType = sourcecode.swift; path = Trash.swift; sourceTree = "<group>"; };
		47E0CD802344A93A0087185B /* RegistrationView.swift */ = {isa = PBXFileReference; lastKnownFileType = sourcecode.swift; path = RegistrationView.swift; sourceTree = "<group>"; };
		47E0CD822344A9480087185B /* RegistrationView.xib */ = {isa = PBXFileReference; lastKnownFileType = file.xib; path = RegistrationView.xib; sourceTree = "<group>"; };
		47E0CD842344ACAB0087185B /* RegistrationViewController.swift */ = {isa = PBXFileReference; lastKnownFileType = sourcecode.swift; path = RegistrationViewController.swift; sourceTree = "<group>"; };
		47E0CD902345E28F0087185B /* Event.swift */ = {isa = PBXFileReference; lastKnownFileType = sourcecode.swift; path = Event.swift; sourceTree = "<group>"; };
		47E0CD9223460A690087185B /* EventListDetailsViewController.swift */ = {isa = PBXFileReference; lastKnownFileType = sourcecode.swift; path = EventListDetailsViewController.swift; sourceTree = "<group>"; };
		47E0CD94234725BE0087185B /* EventListTableViewCell.swift */ = {isa = PBXFileReference; lastKnownFileType = sourcecode.swift; path = EventListTableViewCell.swift; sourceTree = "<group>"; };
		47E0CD962347493A0087185B /* NewsfeedDetailsViewController.swift */ = {isa = PBXFileReference; lastKnownFileType = sourcecode.swift; path = NewsfeedDetailsViewController.swift; sourceTree = "<group>"; };
		47E0CD9823474C4D0087185B /* DetailsLabelView.swift */ = {isa = PBXFileReference; lastKnownFileType = sourcecode.swift; path = DetailsLabelView.swift; sourceTree = "<group>"; };
		47E0CD9A23474C760087185B /* DetailsLabelView.xib */ = {isa = PBXFileReference; lastKnownFileType = file.xib; path = DetailsLabelView.xib; sourceTree = "<group>"; };
		47E0CD9C234770120087185B /* NewsfeedDetailsImageCell.swift */ = {isa = PBXFileReference; lastKnownFileType = sourcecode.swift; path = NewsfeedDetailsImageCell.swift; sourceTree = "<group>"; };
		47F7C3F22323A07F00135485 /* CustomTabBarController.swift */ = {isa = PBXFileReference; lastKnownFileType = sourcecode.swift; path = CustomTabBarController.swift; sourceTree = "<group>"; };
		47F7C3F82323E53300135485 /* CompanyListTableViewCell.swift */ = {isa = PBXFileReference; lastKnownFileType = sourcecode.swift; path = CompanyListTableViewCell.swift; sourceTree = "<group>"; };
		47F7C3FA2323E69200135485 /* CompanyShortList.swift */ = {isa = PBXFileReference; lastKnownFileType = sourcecode.swift; path = CompanyShortList.swift; sourceTree = "<group>"; };
		62C19BD43F6E870F3BFBB8E5 /* Pods_EcoTrash.framework */ = {isa = PBXFileReference; explicitFileType = wrapper.framework; includeInIndex = 0; path = Pods_EcoTrash.framework; sourceTree = BUILT_PRODUCTS_DIR; };
		8419C31123300EEA00AE2CCB /* GoogleService-Info.plist */ = {isa = PBXFileReference; fileEncoding = 4; lastKnownFileType = text.plist.xml; path = "GoogleService-Info.plist"; sourceTree = "<group>"; };
		841A627C231ED6B200DA56C2 /* User.swift */ = {isa = PBXFileReference; fileEncoding = 4; lastKnownFileType = sourcecode.swift; path = User.swift; sourceTree = "<group>"; };
		841B3098234851F1001A825F /* LocationsMapViewController.swift */ = {isa = PBXFileReference; lastKnownFileType = sourcecode.swift; path = LocationsMapViewController.swift; sourceTree = "<group>"; };
		841B8000234090780074BE9B /* TrashViewModel.swift */ = {isa = PBXFileReference; lastKnownFileType = sourcecode.swift; path = TrashViewModel.swift; sourceTree = "<group>"; };
		841B80022340DA7C0074BE9B /* CompanyViewModel.swift */ = {isa = PBXFileReference; lastKnownFileType = sourcecode.swift; path = CompanyViewModel.swift; sourceTree = "<group>"; };
		841B80042341DC7B0074BE9B /* Company.swift */ = {isa = PBXFileReference; lastKnownFileType = sourcecode.swift; path = Company.swift; sourceTree = "<group>"; };
		841C7B88234749D4001976E9 /* ShowMapCell.swift */ = {isa = PBXFileReference; lastKnownFileType = sourcecode.swift; path = ShowMapCell.swift; sourceTree = "<group>"; };
		841C7B8D23475112001976E9 /* LocationMapView.swift */ = {isa = PBXFileReference; lastKnownFileType = sourcecode.swift; path = LocationMapView.swift; sourceTree = "<group>"; };
		841C7B8F23477A8B001976E9 /* LocationMapView.xib */ = {isa = PBXFileReference; lastKnownFileType = file.xib; path = LocationMapView.xib; sourceTree = "<group>"; };
		841CA7342346746000346203 /* NewsfeedTableViewController.swift */ = {isa = PBXFileReference; lastKnownFileType = sourcecode.swift; path = NewsfeedTableViewController.swift; sourceTree = "<group>"; };
		841EAB6D232FBB6F00D20294 /* RegisterViewControllerKyboard.swift */ = {isa = PBXFileReference; lastKnownFileType = sourcecode.swift; path = RegisterViewControllerKyboard.swift; sourceTree = "<group>"; };
		841EB4512324DC0800495B87 /* MapViewController.swift */ = {isa = PBXFileReference; lastKnownFileType = sourcecode.swift; path = MapViewController.swift; sourceTree = "<group>"; };
		841EB4762327978D00495B87 /* UserViewModel.swift */ = {isa = PBXFileReference; lastKnownFileType = sourcecode.swift; path = UserViewModel.swift; sourceTree = "<group>"; };
		84858A382322C6310010D8C8 /* CompanyListController.swift */ = {isa = PBXFileReference; lastKnownFileType = sourcecode.swift; path = CompanyListController.swift; sourceTree = "<group>"; };
		84858A3A2322C67E0010D8C8 /* EventListController.swift */ = {isa = PBXFileReference; lastKnownFileType = sourcecode.swift; path = EventListController.swift; sourceTree = "<group>"; };
		84D08F15231C2AFC00402CE4 /* RegisterViewController.swift */ = {isa = PBXFileReference; lastKnownFileType = sourcecode.swift; path = RegisterViewController.swift; sourceTree = "<group>"; };
		DC6DEE3A7D05A739B12B9407 /* Pods-EcoTrash.release.xcconfig */ = {isa = PBXFileReference; includeInIndex = 1; lastKnownFileType = text.xcconfig; name = "Pods-EcoTrash.release.xcconfig"; path = "Target Support Files/Pods-EcoTrash/Pods-EcoTrash.release.xcconfig"; sourceTree = "<group>"; };
		ECD456080139EDEB082324A8 /* Pods-EcoTrash.debug.xcconfig */ = {isa = PBXFileReference; includeInIndex = 1; lastKnownFileType = text.xcconfig; name = "Pods-EcoTrash.debug.xcconfig"; path = "Target Support Files/Pods-EcoTrash/Pods-EcoTrash.debug.xcconfig"; sourceTree = "<group>"; };
/* End PBXFileReference section */

/* Begin PBXFrameworksBuildPhase section */
		470D54FF231BDFAB00B1FC27 /* Frameworks */ = {
			isa = PBXFrameworksBuildPhase;
			buildActionMask = 2147483647;
			files = (
				49783894EC1DC9EE8B05E0DE /* Pods_EcoTrash.framework in Frameworks */,
			);
			runOnlyForDeploymentPostprocessing = 0;
		};
/* End PBXFrameworksBuildPhase section */

/* Begin PBXGroup section */
		470D54F9231BDFAB00B1FC27 = {
			isa = PBXGroup;
			children = (
				470D5504231BDFAB00B1FC27 /* EcoTrash */,
				470D5503231BDFAB00B1FC27 /* Products */,
				4F07669190F33C01B6B1BC97 /* Pods */,
				CC2D159499B921F83FAF4B08 /* Frameworks */,
			);
			sourceTree = "<group>";
		};
		470D5503231BDFAB00B1FC27 /* Products */ = {
			isa = PBXGroup;
			children = (
				470D5502231BDFAB00B1FC27 /* EcoTrash.app */,
			);
			name = Products;
			sourceTree = "<group>";
		};
		470D5504231BDFAB00B1FC27 /* EcoTrash */ = {
			isa = PBXGroup;
			children = (
				470D5505231BDFAB00B1FC27 /* AppDelegate.swift */,
				47F7C3F62323E4EF00135485 /* View */,
				841EAB6C232FBB2800D20294 /* Extention */,
				84858A3D2322C6D20010D8C8 /* Model */,
				84858A3C2322C68A0010D8C8 /* Controller */,
				841EB4752327973100495B87 /* View Model */,
				470D5509231BDFAB00B1FC27 /* Main.storyboard */,
				470D550C231BDFAC00B1FC27 /* Assets.xcassets */,
				470D550E231BDFAC00B1FC27 /* LaunchScreen.storyboard */,
				470D5511231BDFAC00B1FC27 /* Info.plist */,
				8419C31123300EEA00AE2CCB /* GoogleService-Info.plist */,
			);
			path = EcoTrash;
			sourceTree = "<group>";
		};
		47E0CD7B2344A80B0087185B /* XIB */ = {
			isa = PBXGroup;
			children = (
				47E0CD802344A93A0087185B /* RegistrationView.swift */,
				47E0CD822344A9480087185B /* RegistrationView.xib */,
				47E0CD9823474C4D0087185B /* DetailsLabelView.swift */,
				47E0CD9A23474C760087185B /* DetailsLabelView.xib */,
			);
			path = XIB;
			sourceTree = "<group>";
		};
		47F7C3F62323E4EF00135485 /* View */ = {
			isa = PBXGroup;
			children = (
				47E0CD7B2344A80B0087185B /* XIB */,
				841C7B8A23474FAF001976E9 /* Xib */,
				47F7C3F72323E4FC00135485 /* Cell */,
			);
			path = View;
			sourceTree = "<group>";
		};
		47F7C3F72323E4FC00135485 /* Cell */ = {
			isa = PBXGroup;
			children = (
				47F7C3F82323E53300135485 /* CompanyListTableViewCell.swift */,
				471C07D8233FA98700995C45 /* AddTrashImageCell.swift */,
				47361D192343AD930014E8EF /* TrashImageCollectionViewCell.swift */,
				47361CF5234229720014E8EF /* NewsfeedTableViewCell.swift */,
				47E0CD94234725BE0087185B /* EventListTableViewCell.swift */,
				47E0CD9C234770120087185B /* NewsfeedDetailsImageCell.swift */,
				841C7B88234749D4001976E9 /* ShowMapCell.swift */,
			);
			path = Cell;
			sourceTree = "<group>";
		};
		4F07669190F33C01B6B1BC97 /* Pods */ = {
			isa = PBXGroup;
			children = (
				ECD456080139EDEB082324A8 /* Pods-EcoTrash.debug.xcconfig */,
				DC6DEE3A7D05A739B12B9407 /* Pods-EcoTrash.release.xcconfig */,
			);
			path = Pods;
			sourceTree = "<group>";
		};
		841C7B8A23474FAF001976E9 /* Xib */ = {
			isa = PBXGroup;
			children = (
				841C7B8D23475112001976E9 /* LocationMapView.swift */,
				841C7B8F23477A8B001976E9 /* LocationMapView.xib */,
			);
			path = Xib;
			sourceTree = "<group>";
		};
		841EAB6C232FBB2800D20294 /* Extention */ = {
			isa = PBXGroup;
			children = (
				841EAB6D232FBB6F00D20294 /* RegisterViewControllerKyboard.swift */,
			);
			path = Extention;
			sourceTree = "<group>";
		};
		841EB4752327973100495B87 /* View Model */ = {
			isa = PBXGroup;
			children = (
				841EB4762327978D00495B87 /* UserViewModel.swift */,
				841B8000234090780074BE9B /* TrashViewModel.swift */,
				841B80022340DA7C0074BE9B /* CompanyViewModel.swift */,
			);
			path = "View Model";
			sourceTree = "<group>";
		};
		84858A3C2322C68A0010D8C8 /* Controller */ = {
			isa = PBXGroup;
			children = (
				470D5507231BDFAB00B1FC27 /* LoginViewController.swift */,
				84D08F15231C2AFC00402CE4 /* RegisterViewController.swift */,
				47E0CD842344ACAB0087185B /* RegistrationViewController.swift */,
				47F7C3F22323A07F00135485 /* CustomTabBarController.swift */,
				84858A382322C6310010D8C8 /* CompanyListController.swift */,
				471C07DA2340CFCE00995C45 /* CompanyListDetailsViewController.swift */,
				841EB4512324DC0800495B87 /* MapViewController.swift */,
				84858A3A2322C67E0010D8C8 /* EventListController.swift */,
				47E0CD9223460A690087185B /* EventListDetailsViewController.swift */,
				47C0F72823364A3600DEB8C2 /* AddEcoTrashTableViewController.swift */,
				47C0F72C233668CD00DEB8C2 /* ReuseTrashTypeList.swift */,
				47E0CD962347493A0087185B /* NewsfeedDetailsViewController.swift */,
				471C07DA2340CFCE00995C45 /* CompanyListDetailsViewController.swift */,
				841CA7342346746000346203 /* NewsfeedTableViewController.swift */,
				841B3098234851F1001A825F /* LocationsMapViewController.swift */,
			);
			path = Controller;
			sourceTree = "<group>";
		};
		84858A3D2322C6D20010D8C8 /* Model */ = {
			isa = PBXGroup;
			children = (
				841A627C231ED6B200DA56C2 /* User.swift */,
				47C323CA2320184D00A62F4A /* Trash.swift */,
				47F7C3FA2323E69200135485 /* CompanyShortList.swift */,
				841B80042341DC7B0074BE9B /* Company.swift */,
				47E0CD902345E28F0087185B /* Event.swift */,
			);
			path = Model;
			sourceTree = "<group>";
		};
		CC2D159499B921F83FAF4B08 /* Frameworks */ = {
			isa = PBXGroup;
			children = (
				62C19BD43F6E870F3BFBB8E5 /* Pods_EcoTrash.framework */,
			);
			name = Frameworks;
			sourceTree = "<group>";
		};
/* End PBXGroup section */

/* Begin PBXNativeTarget section */
		470D5501231BDFAB00B1FC27 /* EcoTrash */ = {
			isa = PBXNativeTarget;
			buildConfigurationList = 470D5514231BDFAC00B1FC27 /* Build configuration list for PBXNativeTarget "EcoTrash" */;
			buildPhases = (
				A17473663F105F52538FD059 /* [CP] Check Pods Manifest.lock */,
				470D54FE231BDFAB00B1FC27 /* Sources */,
				470D54FF231BDFAB00B1FC27 /* Frameworks */,
				470D5500231BDFAB00B1FC27 /* Resources */,
				C72BEB272E997655EDC4B63C /* [CP] Embed Pods Frameworks */,
			);
			buildRules = (
			);
			dependencies = (
			);
			name = EcoTrash;
			productName = EcoTrash;
			productReference = 470D5502231BDFAB00B1FC27 /* EcoTrash.app */;
			productType = "com.apple.product-type.application";
		};
/* End PBXNativeTarget section */

/* Begin PBXProject section */
		470D54FA231BDFAB00B1FC27 /* Project object */ = {
			isa = PBXProject;
			attributes = {
				LastSwiftUpdateCheck = 1030;
				LastUpgradeCheck = 1030;
				ORGANIZATIONNAME = "Shushan Khachatryan";
				TargetAttributes = {
					470D5501231BDFAB00B1FC27 = {
						CreatedOnToolsVersion = 10.3;
					};
				};
			};
			buildConfigurationList = 470D54FD231BDFAB00B1FC27 /* Build configuration list for PBXProject "EcoTrash" */;
			compatibilityVersion = "Xcode 9.3";
			developmentRegion = en;
			hasScannedForEncodings = 0;
			knownRegions = (
				en,
				Base,
			);
			mainGroup = 470D54F9231BDFAB00B1FC27;
			productRefGroup = 470D5503231BDFAB00B1FC27 /* Products */;
			projectDirPath = "";
			projectRoot = "";
			targets = (
				470D5501231BDFAB00B1FC27 /* EcoTrash */,
			);
		};
/* End PBXProject section */

/* Begin PBXResourcesBuildPhase section */
		470D5500231BDFAB00B1FC27 /* Resources */ = {
			isa = PBXResourcesBuildPhase;
			buildActionMask = 2147483647;
			files = (
				47E0CD9B23474C760087185B /* DetailsLabelView.xib in Resources */,
				470D5510231BDFAC00B1FC27 /* LaunchScreen.storyboard in Resources */,
				841C7B9023477A8B001976E9 /* LocationMapView.xib in Resources */,
				8419C31223300EEA00AE2CCB /* GoogleService-Info.plist in Resources */,
				47E0CD832344A9480087185B /* RegistrationView.xib in Resources */,
				470D550D231BDFAC00B1FC27 /* Assets.xcassets in Resources */,
				470D550B231BDFAB00B1FC27 /* Main.storyboard in Resources */,
			);
			runOnlyForDeploymentPostprocessing = 0;
		};
/* End PBXResourcesBuildPhase section */

/* Begin PBXShellScriptBuildPhase section */
		A17473663F105F52538FD059 /* [CP] Check Pods Manifest.lock */ = {
			isa = PBXShellScriptBuildPhase;
			buildActionMask = 2147483647;
			files = (
			);
			inputFileListPaths = (
			);
			inputPaths = (
				"${PODS_PODFILE_DIR_PATH}/Podfile.lock",
				"${PODS_ROOT}/Manifest.lock",
			);
			name = "[CP] Check Pods Manifest.lock";
			outputFileListPaths = (
			);
			outputPaths = (
				"$(DERIVED_FILE_DIR)/Pods-EcoTrash-checkManifestLockResult.txt",
			);
			runOnlyForDeploymentPostprocessing = 0;
			shellPath = /bin/sh;
			shellScript = "diff \"${PODS_PODFILE_DIR_PATH}/Podfile.lock\" \"${PODS_ROOT}/Manifest.lock\" > /dev/null\nif [ $? != 0 ] ; then\n    # print error to STDERR\n    echo \"error: The sandbox is not in sync with the Podfile.lock. Run 'pod install' or update your CocoaPods installation.\" >&2\n    exit 1\nfi\n# This output is used by Xcode 'outputs' to avoid re-running this script phase.\necho \"SUCCESS\" > \"${SCRIPT_OUTPUT_FILE_0}\"\n";
			showEnvVarsInLog = 0;
		};
		C72BEB272E997655EDC4B63C /* [CP] Embed Pods Frameworks */ = {
			isa = PBXShellScriptBuildPhase;
			buildActionMask = 2147483647;
			files = (
			);
			inputFileListPaths = (
				"${PODS_ROOT}/Target Support Files/Pods-EcoTrash/Pods-EcoTrash-frameworks-${CONFIGURATION}-input-files.xcfilelist",
			);
			name = "[CP] Embed Pods Frameworks";
			outputFileListPaths = (
				"${PODS_ROOT}/Target Support Files/Pods-EcoTrash/Pods-EcoTrash-frameworks-${CONFIGURATION}-output-files.xcfilelist",
			);
			runOnlyForDeploymentPostprocessing = 0;
			shellPath = /bin/sh;
			shellScript = "\"${PODS_ROOT}/Target Support Files/Pods-EcoTrash/Pods-EcoTrash-frameworks.sh\"\n";
			showEnvVarsInLog = 0;
		};
/* End PBXShellScriptBuildPhase section */

/* Begin PBXSourcesBuildPhase section */
		470D54FE231BDFAB00B1FC27 /* Sources */ = {
			isa = PBXSourcesBuildPhase;
			buildActionMask = 2147483647;
			files = (
				47E0CD9923474C4D0087185B /* DetailsLabelView.swift in Sources */,
				84D08F16231C2AFC00402CE4 /* RegisterViewController.swift in Sources */,
				841B8001234090780074BE9B /* TrashViewModel.swift in Sources */,
				841EAB6E232FBB6F00D20294 /* RegisterViewControllerKyboard.swift in Sources */,
				47E0CD9D234770120087185B /* NewsfeedDetailsImageCell.swift in Sources */,
				841C7B8E23475112001976E9 /* LocationMapView.swift in Sources */,
				47C0F72D233668CD00DEB8C2 /* ReuseTrashTypeList.swift in Sources */,
				47361D1B2343B7110014E8EF /* AddEcoTrashTableViewController.swift in Sources */,
				841B3099234851F1001A825F /* LocationsMapViewController.swift in Sources */,
				471C07D9233FA98700995C45 /* AddTrashImageCell.swift in Sources */,
				841EAB6E232FBB6F00D20294 /* RegisterViewControllerKyboard.swift in Sources */,
				841B80032340DA7C0074BE9B /* CompanyViewModel.swift in Sources */,
				841B80052341DC7B0074BE9B /* Company.swift in Sources */,
				470D5508231BDFAB00B1FC27 /* LoginViewController.swift in Sources */,
				47361CF6234229720014E8EF /* NewsfeedTableViewCell.swift in Sources */,
				47E0CD9323460A690087185B /* EventListDetailsViewController.swift in Sources */,
				47F7C3F32323A07F00135485 /* CustomTabBarController.swift in Sources */,
				47E0CD912345E28F0087185B /* Event.swift in Sources */,
				841CA7352346746000346203 /* NewsfeedTableViewController.swift in Sources */,
				470D5506231BDFAB00B1FC27 /* AppDelegate.swift in Sources */,
				841EB4772327978D00495B87 /* UserViewModel.swift in Sources */,
				47E0CD95234725BE0087185B /* EventListTableViewCell.swift in Sources */,
				47E0CD852344ACAB0087185B /* RegistrationViewController.swift in Sources */,
				47361D1A2343AD930014E8EF /* TrashImageCollectionViewCell.swift in Sources */,
				47E0CD812344A93A0087185B /* RegistrationView.swift in Sources */,
				47F7C3FB2323E69200135485 /* CompanyShortList.swift in Sources */,
				47F7C3F92323E53300135485 /* CompanyListTableViewCell.swift in Sources */,
				471C07DB2340CFCE00995C45 /* CompanyListDetailsViewController.swift in Sources */,
				841EB4522324DC0800495B87 /* MapViewController.swift in Sources */,
				841A627D231ED6B200DA56C2 /* User.swift in Sources */,
				841C7B89234749D4001976E9 /* ShowMapCell.swift in Sources */,
				47C323CB2320184D00A62F4A /* Trash.swift in Sources */,
				84858A392322C6310010D8C8 /* CompanyListController.swift in Sources */,
				47E0CD972347493A0087185B /* NewsfeedDetailsViewController.swift in Sources */,
				84858A3B2322C67E0010D8C8 /* EventListController.swift in Sources */,
			);
			runOnlyForDeploymentPostprocessing = 0;
		};
/* End PBXSourcesBuildPhase section */

/* Begin PBXVariantGroup section */
		470D5509231BDFAB00B1FC27 /* Main.storyboard */ = {
			isa = PBXVariantGroup;
			children = (
				470D550A231BDFAB00B1FC27 /* Base */,
			);
			name = Main.storyboard;
			sourceTree = "<group>";
		};
		470D550E231BDFAC00B1FC27 /* LaunchScreen.storyboard */ = {
			isa = PBXVariantGroup;
			children = (
				470D550F231BDFAC00B1FC27 /* Base */,
			);
			name = LaunchScreen.storyboard;
			sourceTree = "<group>";
		};
/* End PBXVariantGroup section */

/* Begin XCBuildConfiguration section */
		470D5512231BDFAC00B1FC27 /* Debug */ = {
			isa = XCBuildConfiguration;
			buildSettings = {
				ALWAYS_SEARCH_USER_PATHS = NO;
				CLANG_ANALYZER_NONNULL = YES;
				CLANG_ANALYZER_NUMBER_OBJECT_CONVERSION = YES_AGGRESSIVE;
				CLANG_CXX_LANGUAGE_STANDARD = "gnu++14";
				CLANG_CXX_LIBRARY = "libc++";
				CLANG_ENABLE_MODULES = YES;
				CLANG_ENABLE_OBJC_ARC = YES;
				CLANG_ENABLE_OBJC_WEAK = YES;
				CLANG_WARN_BLOCK_CAPTURE_AUTORELEASING = YES;
				CLANG_WARN_BOOL_CONVERSION = YES;
				CLANG_WARN_COMMA = YES;
				CLANG_WARN_CONSTANT_CONVERSION = YES;
				CLANG_WARN_DEPRECATED_OBJC_IMPLEMENTATIONS = YES;
				CLANG_WARN_DIRECT_OBJC_ISA_USAGE = YES_ERROR;
				CLANG_WARN_DOCUMENTATION_COMMENTS = YES;
				CLANG_WARN_EMPTY_BODY = YES;
				CLANG_WARN_ENUM_CONVERSION = YES;
				CLANG_WARN_INFINITE_RECURSION = YES;
				CLANG_WARN_INT_CONVERSION = YES;
				CLANG_WARN_NON_LITERAL_NULL_CONVERSION = YES;
				CLANG_WARN_OBJC_IMPLICIT_RETAIN_SELF = YES;
				CLANG_WARN_OBJC_LITERAL_CONVERSION = YES;
				CLANG_WARN_OBJC_ROOT_CLASS = YES_ERROR;
				CLANG_WARN_RANGE_LOOP_ANALYSIS = YES;
				CLANG_WARN_STRICT_PROTOTYPES = YES;
				CLANG_WARN_SUSPICIOUS_MOVE = YES;
				CLANG_WARN_UNGUARDED_AVAILABILITY = YES_AGGRESSIVE;
				CLANG_WARN_UNREACHABLE_CODE = YES;
				CLANG_WARN__DUPLICATE_METHOD_MATCH = YES;
				CODE_SIGN_IDENTITY = "iPhone Developer";
				COPY_PHASE_STRIP = NO;
				DEBUG_INFORMATION_FORMAT = dwarf;
				ENABLE_STRICT_OBJC_MSGSEND = YES;
				ENABLE_TESTABILITY = YES;
				GCC_C_LANGUAGE_STANDARD = gnu11;
				GCC_DYNAMIC_NO_PIC = NO;
				GCC_NO_COMMON_BLOCKS = YES;
				GCC_OPTIMIZATION_LEVEL = 0;
				GCC_PREPROCESSOR_DEFINITIONS = (
					"DEBUG=1",
					"$(inherited)",
				);
				GCC_WARN_64_TO_32_BIT_CONVERSION = YES;
				GCC_WARN_ABOUT_RETURN_TYPE = YES_ERROR;
				GCC_WARN_UNDECLARED_SELECTOR = YES;
				GCC_WARN_UNINITIALIZED_AUTOS = YES_AGGRESSIVE;
				GCC_WARN_UNUSED_FUNCTION = YES;
				GCC_WARN_UNUSED_VARIABLE = YES;
				IPHONEOS_DEPLOYMENT_TARGET = 12.4;
				MTL_ENABLE_DEBUG_INFO = INCLUDE_SOURCE;
				MTL_FAST_MATH = YES;
				ONLY_ACTIVE_ARCH = YES;
				SDKROOT = iphoneos;
				SWIFT_ACTIVE_COMPILATION_CONDITIONS = DEBUG;
				SWIFT_OPTIMIZATION_LEVEL = "-Onone";
			};
			name = Debug;
		};
		470D5513231BDFAC00B1FC27 /* Release */ = {
			isa = XCBuildConfiguration;
			buildSettings = {
				ALWAYS_SEARCH_USER_PATHS = NO;
				CLANG_ANALYZER_NONNULL = YES;
				CLANG_ANALYZER_NUMBER_OBJECT_CONVERSION = YES_AGGRESSIVE;
				CLANG_CXX_LANGUAGE_STANDARD = "gnu++14";
				CLANG_CXX_LIBRARY = "libc++";
				CLANG_ENABLE_MODULES = YES;
				CLANG_ENABLE_OBJC_ARC = YES;
				CLANG_ENABLE_OBJC_WEAK = YES;
				CLANG_WARN_BLOCK_CAPTURE_AUTORELEASING = YES;
				CLANG_WARN_BOOL_CONVERSION = YES;
				CLANG_WARN_COMMA = YES;
				CLANG_WARN_CONSTANT_CONVERSION = YES;
				CLANG_WARN_DEPRECATED_OBJC_IMPLEMENTATIONS = YES;
				CLANG_WARN_DIRECT_OBJC_ISA_USAGE = YES_ERROR;
				CLANG_WARN_DOCUMENTATION_COMMENTS = YES;
				CLANG_WARN_EMPTY_BODY = YES;
				CLANG_WARN_ENUM_CONVERSION = YES;
				CLANG_WARN_INFINITE_RECURSION = YES;
				CLANG_WARN_INT_CONVERSION = YES;
				CLANG_WARN_NON_LITERAL_NULL_CONVERSION = YES;
				CLANG_WARN_OBJC_IMPLICIT_RETAIN_SELF = YES;
				CLANG_WARN_OBJC_LITERAL_CONVERSION = YES;
				CLANG_WARN_OBJC_ROOT_CLASS = YES_ERROR;
				CLANG_WARN_RANGE_LOOP_ANALYSIS = YES;
				CLANG_WARN_STRICT_PROTOTYPES = YES;
				CLANG_WARN_SUSPICIOUS_MOVE = YES;
				CLANG_WARN_UNGUARDED_AVAILABILITY = YES_AGGRESSIVE;
				CLANG_WARN_UNREACHABLE_CODE = YES;
				CLANG_WARN__DUPLICATE_METHOD_MATCH = YES;
				CODE_SIGN_IDENTITY = "iPhone Developer";
				COPY_PHASE_STRIP = NO;
				DEBUG_INFORMATION_FORMAT = "dwarf-with-dsym";
				ENABLE_NS_ASSERTIONS = NO;
				ENABLE_STRICT_OBJC_MSGSEND = YES;
				GCC_C_LANGUAGE_STANDARD = gnu11;
				GCC_NO_COMMON_BLOCKS = YES;
				GCC_WARN_64_TO_32_BIT_CONVERSION = YES;
				GCC_WARN_ABOUT_RETURN_TYPE = YES_ERROR;
				GCC_WARN_UNDECLARED_SELECTOR = YES;
				GCC_WARN_UNINITIALIZED_AUTOS = YES_AGGRESSIVE;
				GCC_WARN_UNUSED_FUNCTION = YES;
				GCC_WARN_UNUSED_VARIABLE = YES;
				IPHONEOS_DEPLOYMENT_TARGET = 12.4;
				MTL_ENABLE_DEBUG_INFO = NO;
				MTL_FAST_MATH = YES;
				SDKROOT = iphoneos;
				SWIFT_COMPILATION_MODE = wholemodule;
				SWIFT_OPTIMIZATION_LEVEL = "-O";
				VALIDATE_PRODUCT = YES;
			};
			name = Release;
		};
		470D5515231BDFAC00B1FC27 /* Debug */ = {
			isa = XCBuildConfiguration;
			baseConfigurationReference = ECD456080139EDEB082324A8 /* Pods-EcoTrash.debug.xcconfig */;
			buildSettings = {
				ASSETCATALOG_COMPILER_APPICON_NAME = AppIcon;
				CODE_SIGN_STYLE = Automatic;
				DEVELOPMENT_TEAM = 8UCW3MVAK2;
				INFOPLIST_FILE = EcoTrash/Info.plist;
				IPHONEOS_DEPLOYMENT_TARGET = 11.4;
				LD_RUNPATH_SEARCH_PATHS = (
					"$(inherited)",
					"@executable_path/Frameworks",
				);
				PRODUCT_BUNDLE_IDENTIFIER = "shushankhachatryan-icloud.com.EcoTrash";
				PRODUCT_NAME = "$(TARGET_NAME)";
				SWIFT_VERSION = 5.0;
				TARGETED_DEVICE_FAMILY = "1,2";
			};
			name = Debug;
		};
		470D5516231BDFAC00B1FC27 /* Release */ = {
			isa = XCBuildConfiguration;
			baseConfigurationReference = DC6DEE3A7D05A739B12B9407 /* Pods-EcoTrash.release.xcconfig */;
			buildSettings = {
				ASSETCATALOG_COMPILER_APPICON_NAME = AppIcon;
				CODE_SIGN_STYLE = Automatic;
				DEVELOPMENT_TEAM = 8UCW3MVAK2;
				INFOPLIST_FILE = EcoTrash/Info.plist;
				IPHONEOS_DEPLOYMENT_TARGET = 11.4;
				LD_RUNPATH_SEARCH_PATHS = (
					"$(inherited)",
					"@executable_path/Frameworks",
				);
				PRODUCT_BUNDLE_IDENTIFIER = "shushankhachatryan-icloud.com.EcoTrash";
				PRODUCT_NAME = "$(TARGET_NAME)";
				SWIFT_VERSION = 5.0;
				TARGETED_DEVICE_FAMILY = "1,2";
			};
			name = Release;
		};
/* End XCBuildConfiguration section */

/* Begin XCConfigurationList section */
		470D54FD231BDFAB00B1FC27 /* Build configuration list for PBXProject "EcoTrash" */ = {
			isa = XCConfigurationList;
			buildConfigurations = (
				470D5512231BDFAC00B1FC27 /* Debug */,
				470D5513231BDFAC00B1FC27 /* Release */,
			);
			defaultConfigurationIsVisible = 0;
			defaultConfigurationName = Release;
		};
		470D5514231BDFAC00B1FC27 /* Build configuration list for PBXNativeTarget "EcoTrash" */ = {
			isa = XCConfigurationList;
			buildConfigurations = (
				470D5515231BDFAC00B1FC27 /* Debug */,
				470D5516231BDFAC00B1FC27 /* Release */,
			);
			defaultConfigurationIsVisible = 0;
			defaultConfigurationName = Release;
		};
/* End XCConfigurationList section */
	};
	rootObject = 470D54FA231BDFAB00B1FC27 /* Project object */;
}
